// !$*UTF8*$!
{
	archiveVersion = 1;
	classes = {
	};
	objectVersion = 46;
	objects = {

/* Begin PBXBuildFile section */
		4BB04E4A1AA3440F008CEA4C /* AppDelegate.swift in Sources */ = {isa = PBXBuildFile; fileRef = 4BB04E491AA3440F008CEA4C /* AppDelegate.swift */; };
		4BB04E4C1AA3440F008CEA4C /* ViewController.swift in Sources */ = {isa = PBXBuildFile; fileRef = 4BB04E4B1AA3440F008CEA4C /* ViewController.swift */; };
		4BB04E4F1AA3440F008CEA4C /* Main.storyboard in Resources */ = {isa = PBXBuildFile; fileRef = 4BB04E4D1AA3440F008CEA4C /* Main.storyboard */; };
		4BB04E511AA3440F008CEA4C /* Images.xcassets in Resources */ = {isa = PBXBuildFile; fileRef = 4BB04E501AA3440F008CEA4C /* Images.xcassets */; };
		4BB04E541AA3440F008CEA4C /* LaunchScreen.xib in Resources */ = {isa = PBXBuildFile; fileRef = 4BB04E521AA3440F008CEA4C /* LaunchScreen.xib */; };
		4BB04E601AA3440F008CEA4C /* Aleart_learnTests.swift in Sources */ = {isa = PBXBuildFile; fileRef = 4BB04E5F1AA3440F008CEA4C /* Aleart_learnTests.swift */; };
		4BD415FB1AA47322004AE6DC /* webViewController.swift in Sources */ = {isa = PBXBuildFile; fileRef = 4BD415FA1AA47322004AE6DC /* webViewController.swift */; };
/* End PBXBuildFile section */

/* Begin PBXContainerItemProxy section */
		4BB04E5A1AA3440F008CEA4C /* PBXContainerItemProxy */ = {
			isa = PBXContainerItemProxy;
			containerPortal = 4BB04E3C1AA3440F008CEA4C /* Project object */;
			proxyType = 1;
			remoteGlobalIDString = 4BB04E431AA3440F008CEA4C;
			remoteInfo = "Aleart-learn";
		};
/* End PBXContainerItemProxy section */

/* Begin PBXFileReference section */
		4BB04E441AA3440F008CEA4C /* Aleart-learn.app */ = {isa = PBXFileReference; explicitFileType = wrapper.application; includeInIndex = 0; path = "Aleart-learn.app"; sourceTree = BUILT_PRODUCTS_DIR; };
		4BB04E481AA3440F008CEA4C /* Info.plist */ = {isa = PBXFileReference; lastKnownFileType = text.plist.xml; path = Info.plist; sourceTree = "<group>"; };
		4BB04E491AA3440F008CEA4C /* AppDelegate.swift */ = {isa = PBXFileReference; lastKnownFileType = sourcecode.swift; path = AppDelegate.swift; sourceTree = "<group>"; };
		4BB04E4B1AA3440F008CEA4C /* ViewController.swift */ = {isa = PBXFileReference; lastKnownFileType = sourcecode.swift; path = ViewController.swift; sourceTree = "<group>"; };
		4BB04E4E1AA3440F008CEA4C /* Base */ = {isa = PBXFileReference; lastKnownFileType = file.storyboard; name = Base; path = Base.lproj/Main.storyboard; sourceTree = "<group>"; };
		4BB04E501AA3440F008CEA4C /* Images.xcassets */ = {isa = PBXFileReference; lastKnownFileType = folder.assetcatalog; path = Images.xcassets; sourceTree = "<group>"; };
		4BB04E531AA3440F008CEA4C /* Base */ = {isa = PBXFileReference; lastKnownFileType = file.xib; name = Base; path = Base.lproj/LaunchScreen.xib; sourceTree = "<group>"; };
		4BB04E591AA3440F008CEA4C /* Aleart-learnTests.xctest */ = {isa = PBXFileReference; explicitFileType = wrapper.cfbundle; includeInIndex = 0; path = "Aleart-learnTests.xctest"; sourceTree = BUILT_PRODUCTS_DIR; };
		4BB04E5E1AA3440F008CEA4C /* Info.plist */ = {isa = PBXFileReference; lastKnownFileType = text.plist.xml; path = Info.plist; sourceTree = "<group>"; };
		4BB04E5F1AA3440F008CEA4C /* Aleart_learnTests.swift */ = {isa = PBXFileReference; lastKnownFileType = sourcecode.swift; path = Aleart_learnTests.swift; sourceTree = "<group>"; };
		4BD415FA1AA47322004AE6DC /* webViewController.swift */ = {isa = PBXFileReference; fileEncoding = 4; lastKnownFileType = sourcecode.swift; path = webViewController.swift; sourceTree = "<group>"; };
/* End PBXFileReference section */

/* Begin PBXFrameworksBuildPhase section */
		4BB04E411AA3440F008CEA4C /* Frameworks */ = {
			isa = PBXFrameworksBuildPhase;
			buildActionMask = 2147483647;
			files = (
			);
			runOnlyForDeploymentPostprocessing = 0;
		};
		4BB04E561AA3440F008CEA4C /* Frameworks */ = {
			isa = PBXFrameworksBuildPhase;
			buildActionMask = 2147483647;
			files = (
			);
			runOnlyForDeploymentPostprocessing = 0;
		};
/* End PBXFrameworksBuildPhase section */

/* Begin PBXGroup section */
		4BB04E3B1AA3440F008CEA4C = {
			isa = PBXGroup;
			children = (
				4BB04E461AA3440F008CEA4C /* Aleart-learn */,
				4BB04E5C1AA3440F008CEA4C /* Aleart-learnTests */,
				4BB04E451AA3440F008CEA4C /* Products */,
			);
			sourceTree = "<group>";
		};
		4BB04E451AA3440F008CEA4C /* Products */ = {
			isa = PBXGroup;
			children = (
				4BB04E441AA3440F008CEA4C /* Aleart-learn.app */,
				4BB04E591AA3440F008CEA4C /* Aleart-learnTests.xctest */,
			);
			name = Products;
			sourceTree = "<group>";
		};
		4BB04E461AA3440F008CEA4C /* Aleart-learn */ = {
			isa = PBXGroup;
			children = (
				4BB04E491AA3440F008CEA4C /* AppDelegate.swift */,
				4BB04E4B1AA3440F008CEA4C /* ViewController.swift */,
				4BD415FA1AA47322004AE6DC /* webViewController.swift */,
				4BB04E4D1AA3440F008CEA4C /* Main.storyboard */,
				4BB04E501AA3440F008CEA4C /* Images.xcassets */,
				4BB04E521AA3440F008CEA4C /* LaunchScreen.xib */,
				4BB04E471AA3440F008CEA4C /* Supporting Files */,
			);
			path = "Aleart-learn";
			sourceTree = "<group>";
		};
		4BB04E471AA3440F008CEA4C /* Supporting Files */ = {
			isa = PBXGroup;
			children = (
				4BB04E481AA3440F008CEA4C /* Info.plist */,
			);
			name = "Supporting Files";
			sourceTree = "<group>";
		};
		4BB04E5C1AA3440F008CEA4C /* Aleart-learnTests */ = {
			isa = PBXGroup;
			children = (
				4BB04E5F1AA3440F008CEA4C /* Aleart_learnTests.swift */,
				4BB04E5D1AA3440F008CEA4C /* Supporting Files */,
			);
			path = "Aleart-learnTests";
			sourceTree = "<group>";
		};
		4BB04E5D1AA3440F008CEA4C /* Supporting Files */ = {
			isa = PBXGroup;
			children = (
				4BB04E5E1AA3440F008CEA4C /* Info.plist */,
			);
			name = "Supporting Files";
			sourceTree = "<group>";
		};
/* End PBXGroup section */

/* Begin PBXNativeTarget section */
		4BB04E431AA3440F008CEA4C /* Aleart-learn */ = {
			isa = PBXNativeTarget;
			buildConfigurationList = 4BB04E631AA3440F008CEA4C /* Build configuration list for PBXNativeTarget "Aleart-learn" */;
			buildPhases = (
				4BB04E401AA3440F008CEA4C /* Sources */,
				4BB04E411AA3440F008CEA4C /* Frameworks */,
				4BB04E421AA3440F008CEA4C /* Resources */,
			);
			buildRules = (
			);
			dependencies = (
			);
			name = "Aleart-learn";
			productName = "Aleart-learn";
			productReference = 4BB04E441AA3440F008CEA4C /* Aleart-learn.app */;
			productType = "com.apple.product-type.application";
		};
		4BB04E581AA3440F008CEA4C /* Aleart-learnTests */ = {
			isa = PBXNativeTarget;
			buildConfigurationList = 4BB04E661AA3440F008CEA4C /* Build configuration list for PBXNativeTarget "Aleart-learnTests" */;
			buildPhases = (
				4BB04E551AA3440F008CEA4C /* Sources */,
				4BB04E561AA3440F008CEA4C /* Frameworks */,
				4BB04E571AA3440F008CEA4C /* Resources */,
			);
			buildRules = (
			);
			dependencies = (
				4BB04E5B1AA3440F008CEA4C /* PBXTargetDependency */,
			);
			name = "Aleart-learnTests";
			productName = "Aleart-learnTests";
			productReference = 4BB04E591AA3440F008CEA4C /* Aleart-learnTests.xctest */;
			productType = "com.apple.product-type.bundle.unit-test";
		};
/* End PBXNativeTarget section */

/* Begin PBXProject section */
		4BB04E3C1AA3440F008CEA4C /* Project object */ = {
			isa = PBXProject;
			attributes = {
				LastUpgradeCheck = 0610;
				ORGANIZATIONNAME = mycompany;
				TargetAttributes = {
					4BB04E431AA3440F008CEA4C = {
						CreatedOnToolsVersion = 6.1.1;
					};
					4BB04E581AA3440F008CEA4C = {
						CreatedOnToolsVersion = 6.1.1;
						TestTargetID = 4BB04E431AA3440F008CEA4C;
					};
				};
			};
			buildConfigurationList = 4BB04E3F1AA3440F008CEA4C /* Build configuration list for PBXProject "Aleart-learn" */;
			compatibilityVersion = "Xcode 3.2";
			developmentRegion = English;
			hasScannedForEncodings = 0;
			knownRegions = (
				en,
				Base,
			);
			mainGroup = 4BB04E3B1AA3440F008CEA4C;
			productRefGroup = 4BB04E451AA3440F008CEA4C /* Products */;
			projectDirPath = "";
			projectRoot = "";
			targets = (
				4BB04E431AA3440F008CEA4C /* Aleart-learn */,
				4BB04E581AA3440F008CEA4C /* Aleart-learnTests */,
			);
		};
/* End PBXProject section */

/* Begin PBXResourcesBuildPhase section */
		4BB04E421AA3440F008CEA4C /* Resources */ = {
			isa = PBXResourcesBuildPhase;
			buildActionMask = 2147483647;
			files = (
				4BB04E4F1AA3440F008CEA4C /* Main.storyboard in Resources */,
				4BB04E541AA3440F008CEA4C /* LaunchScreen.xib in Resources */,
				4BB04E511AA3440F008CEA4C /* Images.xcassets in Resources */,
			);
			runOnlyForDeploymentPostprocessing = 0;
		};
		4BB04E571AA3440F008CEA4C /* Resources */ = {
			isa = PBXResourcesBuildPhase;
			buildActionMask = 2147483647;
			files = (
			);
			runOnlyForDeploymentPostprocessing = 0;
		};
/* End PBXResourcesBuildPhase section */

/* Begin PBXSourcesBuildPhase section */
		4BB04E401AA3440F008CEA4C /* Sources */ = {
			isa = PBXSourcesBuildPhase;
			buildActionMask = 2147483647;
			files = (
				4BB04E4C1AA3440F008CEA4C /* ViewController.swift in Sources */,
				4BB04E4A1AA3440F008CEA4C /* AppDelegate.swift in Sources */,
				4BD415FB1AA47322004AE6DC /* webViewController.swift in Sources */,
			);
			runOnlyForDeploymentPostprocessing = 0;
		};
		4BB04E551AA3440F008CEA4C /* Sources */ = {
			isa = PBXSourcesBuildPhase;
			buildActionMask = 2147483647;
			files = (
				4BB04E601AA3440F008CEA4C /* Aleart_learnTests.swift in Sources */,
			);
			runOnlyForDeploymentPostprocessing = 0;
		};
/* End PBXSourcesBuildPhase section */

/* Begin PBXTargetDependency section */
		4BB04E5B1AA3440F008CEA4C /* PBXTargetDependency */ = {
			isa = PBXTargetDependency;
			target = 4BB04E431AA3440F008CEA4C /* Aleart-learn */;
			targetProxy = 4BB04E5A1AA3440F008CEA4C /* PBXContainerItemProxy */;
		};
/* End PBXTargetDependency section */

/* Begin PBXVariantGroup section */
		4BB04E4D1AA3440F008CEA4C /* Main.storyboard */ = {
			isa = PBXVariantGroup;
			children = (
				4BB04E4E1AA3440F008CEA4C /* Base */,
			);
			name = Main.storyboard;
			sourceTree = "<group>";
		};
		4BB04E521AA3440F008CEA4C /* LaunchScreen.xib */ = {
			isa = PBXVariantGroup;
			children = (
				4BB04E531AA3440F008CEA4C /* Base */,
			);
			name = LaunchScreen.xib;
			sourceTree = "<group>";
		};
/* End PBXVariantGroup section */

/* Begin XCBuildConfiguration section */
		4BB04E611AA3440F008CEA4C /* Debug */ = {
			isa = XCBuildConfiguration;
			buildSettings = {
				ALWAYS_SEARCH_USER_PATHS = NO;
				CLANG_CXX_LANGUAGE_STANDARD = "gnu++0x";
				CLANG_CXX_LIBRARY = "libc++";
				CLANG_ENABLE_MODULES = YES;
				CLANG_ENABLE_OBJC_ARC = YES;
				CLANG_WARN_BOOL_CONVERSION = YES;
				CLANG_WARN_CONSTANT_CONVERSION = YES;
				CLANG_WARN_DIRECT_OBJC_ISA_USAGE = YES_ERROR;
				CLANG_WARN_EMPTY_BODY = YES;
				CLANG_WARN_ENUM_CONVERSION = YES;
				CLANG_WARN_INT_CONVERSION = YES;
				CLANG_WARN_OBJC_ROOT_CLASS = YES_ERROR;
				CLANG_WARN_UNREACHABLE_CODE = YES;
				CLANG_WARN__DUPLICATE_METHOD_MATCH = YES;
				"CODE_SIGN_IDENTITY[sdk=iphoneos*]" = "iPhone Developer";
				COPY_PHASE_STRIP = NO;
				ENABLE_STRICT_OBJC_MSGSEND = YES;
				GCC_C_LANGUAGE_STANDARD = gnu99;
				GCC_DYNAMIC_NO_PIC = NO;
				GCC_OPTIMIZATION_LEVEL = 0;
				GCC_PREPROCESSOR_DEFINITIONS = (
					"DEBUG=1",
					"$(inherited)",
				);
				GCC_SYMBOLS_PRIVATE_EXTERN = NO;
				GCC_WARN_64_TO_32_BIT_CONVERSION = YES;
				GCC_WARN_ABOUT_RETURN_TYPE = YES_ERROR;
				GCC_WARN_UNDECLARED_SELECTOR = YES;
				GCC_WARN_UNINITIALIZED_AUTOS = YES_AGGRESSIVE;
				GCC_WARN_UNUSED_FUNCTION = YES;
				GCC_WARN_UNUSED_VARIABLE = YES;
				IPHONEOS_DEPLOYMENT_TARGET = 8.1;
				MTL_ENABLE_DEBUG_INFO = YES;
				ONLY_ACTIVE_ARCH = YES;
				SDKROOT = iphoneos;
				SWIFT_OPTIMIZATION_LEVEL = "-Onone";
			};
			name = Debug;
		};
		4BB04E621AA3440F008CEA4C /* Release */ = {
			isa = XCBuildConfiguration;
			buildSettings = {
				ALWAYS_SEARCH_USER_PATHS = NO;
				CLANG_CXX_LANGUAGE_STANDARD = "gnu++0x";
				CLANG_CXX_LIBRARY = "libc++";
				CLANG_ENABLE_MODULES = YES;
				CLANG_ENABLE_OBJC_ARC = YES;
				CLANG_WARN_BOOL_CONVERSION = YES;
				CLANG_WARN_CONSTANT_CONVERSION = YES;
				CLANG_WARN_DIRECT_OBJC_ISA_USAGE = YES_ERROR;
				CLANG_WARN_EMPTY_BODY = YES;
				CLANG_WARN_ENUM_CONVERSION = YES;
				CLANG_WARN_INT_CONVERSION = YES;
				CLANG_WARN_OBJC_ROOT_CLASS = YES_ERROR;
				CLANG_WARN_UNREACHABLE_CODE = YES;
				CLANG_WARN__DUPLICATE_METHOD_MATCH = YES;
				"CODE_SIGN_IDENTITY[sdk=iphoneos*]" = "iPhone Developer";
				COPY_PHASE_STRIP = YES;
				ENABLE_NS_ASSERTIONS = NO;
				ENABLE_STRICT_OBJC_MSGSEND = YES;
				GCC_C_LANGUAGE_STANDARD = gnu99;
				GCC_WARN_64_TO_32_BIT_CONVERSION = YES;
				GCC_WARN_ABOUT_RETURN_TYPE = YES_ERROR;
				GCC_WARN_UNDECLARED_SELECTOR = YES;
				GCC_WARN_UNINITIALIZED_AUTOS = YES_AGGRESSIVE;
				GCC_WARN_UNUSED_FUNCTION = YES;
				GCC_WARN_UNUSED_VARIABLE = YES;
				IPHONEOS_DEPLOYMENT_TARGET = 8.1;
				MTL_ENABLE_DEBUG_INFO = NO;
				SDKROOT = iphoneos;
				VALIDATE_PRODUCT = YES;
			};
			name = Release;
		};
		4BB04E641AA3440F008CEA4C /* Debug */ = {
			isa = XCBuildConfiguration;
			buildSettings = {
				ASSETCATALOG_COMPILER_APPICON_NAME = AppIcon;
				INFOPLIST_FILE = "Aleart-learn/Info.plist";
				IPHONEOS_DEPLOYMENT_TARGET = 8.0;
				LD_RUNPATH_SEARCH_PATHS = "$(inherited) @executable_path/Frameworks";
				PRODUCT_NAME = "$(TARGET_NAME)";
			};
			name = Debug;
		};
		4BB04E651AA3440F008CEA4C /* Release */ = {
			isa = XCBuildConfiguration;
			buildSettings = {
				ASSETCATALOG_COMPILER_APPICON_NAME = AppIcon;
				INFOPLIST_FILE = "Aleart-learn/Info.plist";
				IPHONEOS_DEPLOYMENT_TARGET = 8.0;
				LD_RUNPATH_SEARCH_PATHS = "$(inherited) @executable_path/Frameworks";
				PRODUCT_NAME = "$(TARGET_NAME)";
			};
			name = Release;
		};
		4BB04E671AA3440F008CEA4C /* Debug */ = {
			isa = XCBuildConfiguration;
			buildSettings = {
				BUNDLE_LOADER = "$(TEST_HOST)";
				FRAMEWORK_SEARCH_PATHS = (
					"$(SDKROOT)/Developer/Library/Frameworks",
					"$(inherited)",
				);
				GCC_PREPROCESSOR_DEFINITIONS = (
					"DEBUG=1",
					"$(inherited)",
				);
				INFOPLIST_FILE = "Aleart-learnTests/Info.plist";
				LD_RUNPATH_SEARCH_PATHS = "$(inherited) @executable_path/Frameworks @loader_path/Frameworks";
				PRODUCT_NAME = "$(TARGET_NAME)";
				TEST_HOST = "$(BUILT_PRODUCTS_DIR)/Aleart-learn.app/Aleart-learn";
			};
			name = Debug;
		};
		4BB04E681AA3440F008CEA4C /* Release */ = {
			isa = XCBuildConfiguration;
			buildSettings = {
				BUNDLE_LOADER = "$(TEST_HOST)";
				FRAMEWORK_SEARCH_PATHS = (
					"$(SDKROOT)/Developer/Library/Frameworks",
					"$(inherited)",
				);
				INFOPLIST_FILE = "Aleart-learnTests/Info.plist";
				LD_RUNPATH_SEARCH_PATHS = "$(inherited) @executable_path/Frameworks @loader_path/Frameworks";
				PRODUCT_NAME = "$(TARGET_NAME)";
				TEST_HOST = "$(BUILT_PRODUCTS_DIR)/Aleart-learn.app/Aleart-learn";
			};
			name = Release;
		};
/* End XCBuildConfiguration section */

/* Begin XCConfigurationList section */
		4BB04E3F1AA3440F008CEA4C /* Build configuration list for PBXProject "Aleart-learn" */ = {
			isa = XCConfigurationList;
			buildConfigurations = (
				4BB04E611AA3440F008CEA4C /* Debug */,
				4BB04E621AA3440F008CEA4C /* Release */,
			);
			defaultConfigurationIsVisible = 0;
			defaultConfigurationName = Release;
		};
		4BB04E631AA3440F008CEA4C /* Build configuration list for PBXNativeTarget "Aleart-learn" */ = {
			isa = XCConfigurationList;
			buildConfigurations = (
				4BB04E641AA3440F008CEA4C /* Debug */,
				4BB04E651AA3440F008CEA4C /* Release */,
			);
			defaultConfigurationIsVisible = 0;
			defaultConfigurationName = Release;
		};
		4BB04E661AA3440F008CEA4C /* Build configuration list for PBXNativeTarget "Aleart-learnTests" */ = {
			isa = XCConfigurationList;
			buildConfigurations = (
				4BB04E671AA3440F008CEA4C /* Debug */,
				4BB04E681AA3440F008CEA4C /* Release */,
			);
			defaultConfigurationIsVisible = 0;
			defaultConfigurationName = Release;
		};
/* End XCConfigurationList section */
	};
	rootObject = 4BB04E3C1AA3440F008CEA4C /* Project object */;
}
